{
    "_readme": [
        "This file locks the dependencies of your project to a known state",
        "Read more about it at https://getcomposer.org/doc/01-basic-usage.md#composer-lock-the-lock-file",
        "This file is @generated automatically"
    ],
    "hash": "f20080be2a5a8017f0278c87a91b0e01",
    "packages": [
        {
            "name": "composer/installers",
            "version": "v1.0.21",
            "source": {
                "type": "git",
                "url": "https://github.com/composer/installers.git",
                "reference": "d64e23fce42a4063d63262b19b8e7c0f3b5e4c45"
            },
            "dist": {
                "type": "zip",
                "url": "https://api.github.com/repos/composer/installers/zipball/d64e23fce42a4063d63262b19b8e7c0f3b5e4c45",
                "reference": "d64e23fce42a4063d63262b19b8e7c0f3b5e4c45",
                "shasum": ""
            },
            "replace": {
                "roundcube/plugin-installer": "*",
                "shama/baton": "*"
            },
            "require-dev": {
                "composer/composer": "1.0.*@dev",
                "phpunit/phpunit": "4.1.*"
            },
            "type": "composer-installer",
            "extra": {
                "class": "Composer\\Installers\\Installer",
                "branch-alias": {
                    "dev-master": "1.0-dev"
                }
            },
            "autoload": {
                "psr-0": {
                    "Composer\\Installers\\": "src/"
                }
            },
            "notification-url": "https://packagist.org/downloads/",
            "license": [
                "MIT"
            ],
            "authors": [
                {
                    "name": "Kyle Robinson Young",
                    "email": "kyle@dontkry.com",
                    "homepage": "https://github.com/shama"
                }
            ],
            "description": "A multi-framework Composer library installer",
            "homepage": "http://composer.github.com/installers/",
            "keywords": [
                "Craft",
                "Dolibarr",
                "Hurad",
                "MODX Evo",
                "OXID",
                "SMF",
                "Thelia",
                "WolfCMS",
                "agl",
                "aimeos",
                "annotatecms",
                "bitrix",
                "cakephp",
                "chef",
                "codeigniter",
                "concrete5",
                "croogo",
                "dokuwiki",
                "drupal",
                "elgg",
                "fuelphp",
                "grav",
                "installer",
                "joomla",
                "kohana",
                "laravel",
                "lithium",
                "magento",
                "mako",
                "mediawiki",
                "modulework",
                "moodle",
                "phpbb",
                "piwik",
                "ppi",
                "puppet",
                "roundcube",
                "shopware",
                "silverstripe",
                "symfony",
                "typo3",
                "wordpress",
                "zend",
                "zikula"
            ],
            "time": "2015-02-18 17:17:01"
        },
        {
            "name": "gwa/multisite-directory-resolver",
            "version": "v2.0.0",
            "source": {
                "type": "git",
                "url": "https://github.com/gwa/WpMultisiteDirectoryResolver.git",
                "reference": "9d92e197974f67d5947259239d5eeaa27f09f35b"
            },
            "dist": {
                "type": "zip",
                "url": "https://api.github.com/repos/gwa/WpMultisiteDirectoryResolver/zipball/9d92e197974f67d5947259239d5eeaa27f09f35b",
                "reference": "9d92e197974f67d5947259239d5eeaa27f09f35b",
                "shasum": ""
            },
            "require": {
                "php": ">=5.4.0"
            },
            "require-dev": {
                "fabpot/php-cs-fixer": "~1.8",
                "phpunit/phpunit": "~4.6.6",
                "satooshi/php-coveralls": "~0.6.1"
            },
            "type": "library",
            "extra": {
                "branch-alias": {
                    "dev-master": "0.0.5-dev"
                }
            },
            "autoload": {
                "psr-4": {
                    "Gwa\\Wordpress\\": "src/Gwa"
                }
            },
            "notification-url": "https://packagist.org/downloads/",
            "license": [
                "MIT"
            ],
            "authors": [
                {
                    "name": "Great White Ark",
                    "homepage": "http://www.greatwhiteark.com"
                }
            ],
            "homepage": "https://github.com/gwa/WpMultisiteDirectoryResolver",
            "keywords": [
                "composer",
                "multisite",
                "wordpress"
            ],
            "time": "2015-07-23 12:14:19"
        },
        {
            "name": "johnpbloch/wordpress",
            "version": "4.2.3",
            "source": {
                "type": "git",
                "url": "https://github.com/johnpbloch/wordpress.git",
                "reference": "56525f7941a9835ae64deafcaff15cd52336e467"
            },
            "dist": {
                "type": "zip",
                "url": "https://api.github.com/repos/johnpbloch/wordpress/zipball/56525f7941a9835ae64deafcaff15cd52336e467",
                "reference": "56525f7941a9835ae64deafcaff15cd52336e467",
                "shasum": ""
            },
            "require": {
                "johnpbloch/wordpress-core-installer": "~0.2",
                "php": ">=5.3.2"
            },
            "type": "wordpress-core",
            "notification-url": "https://packagist.org/downloads/",
            "license": [
                "GPL-2.0+"
            ],
            "authors": [
                {
                    "name": "WordPress Community",
                    "homepage": "http://wordpress.org/about/"
                }
            ],
            "description": "WordPress is web software you can use to create a beautiful website or blog.",
            "homepage": "http://wordpress.org/",
            "keywords": [
                "blog",
                "cms"
            ],
            "time": "2015-07-23 11:16:08"
        },
        {
            "name": "johnpbloch/wordpress-core-installer",
            "version": "0.2.1",
            "source": {
                "type": "git",
                "url": "https://github.com/johnpbloch/wordpress-core-installer.git",
                "reference": "a04c2c383ef13aae077f36799ed2eafdebd618d2"
            },
            "dist": {
                "type": "zip",
                "url": "https://api.github.com/repos/johnpbloch/wordpress-core-installer/zipball/a04c2c383ef13aae077f36799ed2eafdebd618d2",
                "reference": "a04c2c383ef13aae077f36799ed2eafdebd618d2",
                "shasum": ""
            },
            "require": {
                "composer-plugin-api": "^1.0"
            },
            "conflict": {
                "composer/installers": "<1.0.6"
            },
            "require-dev": {
                "composer/composer": "1.0.*@dev"
            },
            "type": "composer-plugin",
            "extra": {
                "class": "johnpbloch\\Composer\\WordPressCorePlugin"
            },
            "autoload": {
                "psr-0": {
                    "johnpbloch\\Composer\\": "src/"
                }
            },
            "notification-url": "https://packagist.org/downloads/",
            "license": [
                "GPL-2.0+"
            ],
            "authors": [
                {
                    "name": "John P. Bloch",
                    "email": "me@johnpbloch.com"
                }
            ],
            "description": "A custom installer to handle deploying WordPress with composer",
            "keywords": [
                "wordpress"
            ],
            "time": "2015-06-11 15:15:30"
        },
        {
            "name": "koodimonni-language/de_de",
            "version": "4.2.3",
            "dist": {
                "type": "zip",
                "url": "https://downloads.wordpress.org/translation/core/4.2.3/de_DE.zip",
                "reference": null,
                "shasum": null
            },
            "require": {
                "koodimonni-plugin-language/akismet-de_de": "*",
                "koodimonni-plugin-language/bbpress-de_de": "*",
                "koodimonni-plugin-language/woocommerce-de_de": "*",
                "koodimonni-plugin-language/wordpress-importer-de_de": "*",
                "koodimonni-theme-language/twentyeleven-de_de": "*",
                "koodimonni-theme-language/twentyfifteen-de_de": "*",
                "koodimonni-theme-language/twentyfourteen-de_de": "*",
                "koodimonni-theme-language/twentyten-de_de": "*",
                "koodimonni-theme-language/twentythirteen-de_de": "*",
                "koodimonni-theme-language/twentytwelve-de_de": "*",
                "koodimonni/composer-dropin-installer": ">=0.2.3"
            },
            "type": "wordpress-language",
            "description": "Full Wordpress translation (including themes and core plugins) for German - de_de",
            "keywords": [
                "Full-Package",
                "Translation",
                "Wordpress",
                "de_de",
                "twentyten"
            ]
        },
        {
            "name": "koodimonni-language/en_gb",
            "version": "4.2.3",
            "dist": {
                "type": "zip",
                "url": "https://downloads.wordpress.org/translation/core/4.2.3/en_GB.zip",
                "reference": null,
                "shasum": null
            },
            "require": {
                "koodimonni-plugin-language/akismet-en_gb": "*",
                "koodimonni-plugin-language/woocommerce-en_gb": "*",
                "koodimonni-plugin-language/wordpress-importer-en_gb": "*",
                "koodimonni-theme-language/twentyfifteen-en_gb": "*",
                "koodimonni-theme-language/twentyfourteen-en_gb": "*",
                "koodimonni-theme-language/twentythirteen-en_gb": "*",
                "koodimonni-theme-language/twentytwelve-en_gb": "*",
                "koodimonni/composer-dropin-installer": ">=0.2.3"
            },
            "type": "wordpress-language",
            "description": "Full Wordpress translation (including themes and core plugins) for English (UK) - en_gb",
            "keywords": [
                "Full-Package",
                "Translation",
                "Wordpress",
                "en_gb",
                "twentyten"
            ]
        },
        {
            "name": "koodimonni-plugin-language/akismet-de_de",
            "version": "3.0.4",
            "dist": {
                "type": "zip",
                "url": "https://downloads.wordpress.org/translation/plugin/akismet/3.0.4/de_DE.zip",
                "reference": null,
                "shasum": null
            },
            "require": {
                "koodimonni/composer-dropin-installer": ">=0.2.3"
            },
            "type": "wordpress-language",
            "description": "Wordpress akismet translation for German - de_de",
            "keywords": [
                "Translation",
                "Wordpress",
                "akismet",
                "de_de"
            ]
        },
        {
            "name": "koodimonni-plugin-language/akismet-en_gb",
            "version": "3.1",
            "dist": {
                "type": "zip",
                "url": "https://downloads.wordpress.org/translation/plugin/akismet/3.1/en_GB.zip",
                "reference": null,
                "shasum": null
            },
            "require": {
                "koodimonni/composer-dropin-installer": ">=0.2.3"
            },
            "type": "wordpress-language",
            "description": "Wordpress akismet translation for English (UK) - en_gb",
            "keywords": [
                "Translation",
                "Wordpress",
                "akismet",
                "en_gb"
            ]
        },
        {
            "name": "koodimonni-plugin-language/bbpress-de_de",
            "version": "2.5.8",
            "dist": {
                "type": "zip",
                "url": "https://downloads.wordpress.org/translation/plugin/bbpress/2.5.8/de_DE.zip",
                "reference": null,
                "shasum": null
            },
            "require": {
                "koodimonni/composer-dropin-installer": ">=0.2.3"
            },
            "type": "wordpress-language",
            "description": "Wordpress bbpress translation for German - de_de",
            "keywords": [
                "Translation",
                "Wordpress",
                "bbpress",
                "de_de"
            ]
        },
        {
            "name": "koodimonni-plugin-language/woocommerce-de_de",
            "version": "v2.4.0",
            "dist": {
                "type": "zip",
                "url": "https://raw.githubusercontent.com/woothemes/woocommerce-language-packs/ccd3f4774a4ed8c351a6c085a370e3b270450709/packages/de_DE.zip",
                "reference": null,
                "shasum": null
            },
            "require": {
                "koodimonni/composer-dropin-installer": ">=0.2.3"
            },
            "type": "wordpress-language",
            "description": "Wordpress woocommerce translation for German - de_de",
            "keywords": [
                "Translation",
                "Wordpress",
                "de_de",
                "woocommerce"
            ]
        },
        {
            "name": "koodimonni-plugin-language/woocommerce-en_gb",
            "version": "v2.4.0",
            "dist": {
                "type": "zip",
                "url": "https://raw.githubusercontent.com/woothemes/woocommerce-language-packs/ccd3f4774a4ed8c351a6c085a370e3b270450709/packages/en_GB.zip",
                "reference": null,
                "shasum": null
            },
            "require": {
                "koodimonni/composer-dropin-installer": ">=0.2.3"
            },
            "type": "wordpress-language",
            "description": "Wordpress woocommerce translation for English (UK) - en_gb",
            "keywords": [
                "Translation",
                "Wordpress",
                "en_gb",
                "woocommerce"
            ]
        },
        {
            "name": "koodimonni-plugin-language/wordpress-importer-de_de",
            "version": "0.6.1",
            "dist": {
                "type": "zip",
                "url": "https://downloads.wordpress.org/translation/plugin/wordpress-importer/0.6.1/de_DE.zip",
                "reference": null,
                "shasum": null
            },
            "require": {
                "koodimonni/composer-dropin-installer": ">=0.2.3"
            },
            "type": "wordpress-language",
            "description": "Wordpress wordpress-importer translation for German - de_de",
            "keywords": [
                "Translation",
                "Wordpress",
                "de_de",
                "wordpress-importer"
            ]
        },
        {
            "name": "koodimonni-plugin-language/wordpress-importer-en_gb",
            "version": "0.6.1",
            "dist": {
                "type": "zip",
                "url": "https://downloads.wordpress.org/translation/plugin/wordpress-importer/0.6.1/en_GB.zip",
                "reference": null,
                "shasum": null
            },
            "require": {
                "koodimonni/composer-dropin-installer": ">=0.2.3"
            },
            "type": "wordpress-language",
            "description": "Wordpress wordpress-importer translation for English (UK) - en_gb",
            "keywords": [
                "Translation",
                "Wordpress",
                "en_gb",
                "wordpress-importer"
            ]
        },
        {
            "name": "koodimonni-theme-language/twentyeleven-de_de",
            "version": "2.1",
            "dist": {
                "type": "zip",
                "url": "https://downloads.wordpress.org/translation/theme/twentyeleven/2.1/de_DE.zip",
                "reference": null,
                "shasum": null
            },
            "require": {
                "koodimonni/composer-dropin-installer": ">=0.2.3"
            },
            "type": "wordpress-language",
            "description": "Wordpress twentyeleven translation for German - de_de",
            "keywords": [
                "Translation",
                "Wordpress",
                "de_de",
                "twentyeleven"
            ]
        },
        {
            "name": "koodimonni-theme-language/twentyfifteen-de_de",
            "version": "1.2",
            "dist": {
                "type": "zip",
                "url": "https://downloads.wordpress.org/translation/theme/twentyfifteen/1.2/de_DE.zip",
                "reference": null,
                "shasum": null
            },
            "require": {
                "koodimonni/composer-dropin-installer": ">=0.2.3"
            },
            "type": "wordpress-language",
            "description": "Wordpress twentyfifteen translation for German - de_de",
            "keywords": [
                "Translation",
                "Wordpress",
                "de_de",
                "twentyfifteen"
            ]
        },
        {
            "name": "koodimonni-theme-language/twentyfifteen-en_gb",
            "version": "1.2",
            "dist": {
                "type": "zip",
                "url": "https://downloads.wordpress.org/translation/theme/twentyfifteen/1.2/en_GB.zip",
                "reference": null,
                "shasum": null
            },
            "require": {
                "koodimonni/composer-dropin-installer": ">=0.2.3"
            },
            "type": "wordpress-language",
            "description": "Wordpress twentyfifteen translation for English (UK) - en_gb",
            "keywords": [
                "Translation",
                "Wordpress",
                "en_gb",
                "twentyfifteen"
            ]
        },
        {
            "name": "koodimonni-theme-language/twentyfourteen-de_de",
            "version": "1.4",
            "dist": {
                "type": "zip",
                "url": "https://downloads.wordpress.org/translation/theme/twentyfourteen/1.4/de_DE.zip",
                "reference": null,
                "shasum": null
            },
            "require": {
                "koodimonni/composer-dropin-installer": ">=0.2.3"
            },
            "type": "wordpress-language",
            "description": "Wordpress twentyfourteen translation for German - de_de",
            "keywords": [
                "Translation",
                "Wordpress",
                "de_de",
                "twentyfourteen"
            ]
        },
        {
            "name": "koodimonni-theme-language/twentyfourteen-en_gb",
            "version": "1.4",
            "dist": {
                "type": "zip",
                "url": "https://downloads.wordpress.org/translation/theme/twentyfourteen/1.4/en_GB.zip",
                "reference": null,
                "shasum": null
            },
            "require": {
                "koodimonni/composer-dropin-installer": ">=0.2.3"
            },
            "type": "wordpress-language",
            "description": "Wordpress twentyfourteen translation for English (UK) - en_gb",
            "keywords": [
                "Translation",
                "Wordpress",
                "en_gb",
                "twentyfourteen"
            ]
        },
        {
            "name": "koodimonni-theme-language/twentyten-de_de",
            "version": "1.9",
            "dist": {
                "type": "zip",
                "url": "https://downloads.wordpress.org/translation/theme/twentyten/1.9/de_DE.zip",
                "reference": null,
                "shasum": null
            },
            "require": {
                "koodimonni/composer-dropin-installer": ">=0.2.3"
            },
            "type": "wordpress-language",
            "description": "Wordpress twentyten translation for German - de_de",
            "keywords": [
                "Translation",
                "Wordpress",
                "de_de",
                "twentyten"
            ]
        },
        {
            "name": "koodimonni-theme-language/twentythirteen-de_de",
            "version": "1.5",
            "dist": {
                "type": "zip",
                "url": "https://downloads.wordpress.org/translation/theme/twentythirteen/1.5/de_DE.zip",
                "reference": null,
                "shasum": null
            },
            "require": {
                "koodimonni/composer-dropin-installer": ">=0.2.3"
            },
            "type": "wordpress-language",
            "description": "Wordpress twentythirteen translation for German - de_de",
            "keywords": [
                "Translation",
                "Wordpress",
                "de_de",
                "twentythirteen"
            ]
        },
        {
            "name": "koodimonni-theme-language/twentythirteen-en_gb",
            "version": "1.5",
            "dist": {
                "type": "zip",
                "url": "https://downloads.wordpress.org/translation/theme/twentythirteen/1.5/en_GB.zip",
                "reference": null,
                "shasum": null
            },
            "require": {
                "koodimonni/composer-dropin-installer": ">=0.2.3"
            },
            "type": "wordpress-language",
            "description": "Wordpress twentythirteen translation for English (UK) - en_gb",
            "keywords": [
                "Translation",
                "Wordpress",
                "en_gb",
                "twentythirteen"
            ]
        },
        {
            "name": "koodimonni-theme-language/twentytwelve-de_de",
            "version": "1.7",
            "dist": {
                "type": "zip",
                "url": "https://downloads.wordpress.org/translation/theme/twentytwelve/1.7/de_DE.zip",
                "reference": null,
                "shasum": null
            },
            "require": {
                "koodimonni/composer-dropin-installer": ">=0.2.3"
            },
            "type": "wordpress-language",
            "description": "Wordpress twentytwelve translation for German - de_de",
            "keywords": [
                "Translation",
                "Wordpress",
                "de_de",
                "twentytwelve"
            ]
        },
        {
            "name": "koodimonni-theme-language/twentytwelve-en_gb",
            "version": "1.7",
            "dist": {
                "type": "zip",
                "url": "https://downloads.wordpress.org/translation/theme/twentytwelve/1.7/en_GB.zip",
                "reference": null,
                "shasum": null
            },
            "require": {
                "koodimonni/composer-dropin-installer": ">=0.2.3"
            },
            "type": "wordpress-language",
            "description": "Wordpress twentytwelve translation for English (UK) - en_gb",
            "keywords": [
                "Translation",
                "Wordpress",
                "en_gb",
                "twentytwelve"
            ]
        },
        {
            "name": "koodimonni/composer-dropin-installer",
            "version": "0.2.4",
            "source": {
                "type": "git",
                "url": "https://github.com/Koodimonni/Composer-Dropin-Installer.git",
                "reference": "618b96fd3bc8c1532610b7f7baedc4e60736a340"
            },
            "dist": {
                "type": "zip",
                "url": "https://api.github.com/repos/Koodimonni/Composer-Dropin-Installer/zipball/618b96fd3bc8c1532610b7f7baedc4e60736a340",
                "reference": "618b96fd3bc8c1532610b7f7baedc4e60736a340",
                "shasum": ""
            },
            "require": {
                "composer-plugin-api": "1.0.0"
            },
            "type": "composer-plugin",
            "extra": {
                "class": "Koodimonni\\Composer\\Dropin"
            },
            "autoload": {
                "psr-4": {
                    "Koodimonni\\Composer\\": "src"
                }
            },
            "notification-url": "https://packagist.org/downloads/",
            "license": [
                "WTFPL"
            ],
            "authors": [
                {
                    "name": "Onni Hakala",
                    "email": "onni@koodimonni.fi"
                }
            ],
            "description": "Do what the fuck you want with your composer packages aka. Composer Dropin installer. Install packages or part of packages into custom paths without overwriting existing stuff.",
            "time": "2015-01-04 10:24:12"
        },
        {
            "name": "wpackagist-plugin/multisite-enhancements",
            "version": "1.1.0",
            "source": {
                "type": "svn",
                "url": "http://plugins.svn.wordpress.org/multisite-enhancements/",
                "reference": "trunk"
            },
            "dist": {
                "type": "zip",
                "url": "https://downloads.wordpress.org/plugin/multisite-enhancements.zip",
                "reference": null,
                "shasum": null
            },
            "require": {
                "composer/installers": "~1.0"
            },
            "type": "wordpress-plugin",
            "homepage": "https://wordpress.org/plugins/multisite-enhancements/"
        }
    ],
    "packages-dev": [
        {
            "name": "fabpot/php-cs-fixer",
            "version": "v1.10",
            "source": {
                "type": "git",
                "url": "https://github.com/FriendsOfPHP/PHP-CS-Fixer.git",
                "reference": "8e21b4fb32c4618a425817d9f0daf3d57a9808d1"
            },
            "dist": {
                "type": "zip",
                "url": "https://api.github.com/repos/FriendsOfPHP/PHP-CS-Fixer/zipball/8e21b4fb32c4618a425817d9f0daf3d57a9808d1",
                "reference": "8e21b4fb32c4618a425817d9f0daf3d57a9808d1",
                "shasum": ""
            },
            "require": {
                "ext-tokenizer": "*",
                "php": ">=5.3.6",
                "sebastian/diff": "~1.1",
                "symfony/console": "~2.3",
                "symfony/event-dispatcher": "~2.1",
                "symfony/filesystem": "~2.1",
                "symfony/finder": "~2.1",
                "symfony/process": "~2.3",
                "symfony/stopwatch": "~2.5"
            },
            "require-dev": {
                "satooshi/php-coveralls": "0.7.*@dev"
            },
            "bin": [
                "php-cs-fixer"
            ],
            "type": "application",
            "autoload": {
                "psr-4": {
                    "Symfony\\CS\\": "Symfony/CS/"
                }
            },
            "notification-url": "https://packagist.org/downloads/",
            "license": [
                "MIT"
            ],
            "authors": [
                {
                    "name": "Dariusz Rumiński",
                    "email": "dariusz.ruminski@gmail.com"
                },
                {
                    "name": "Fabien Potencier",
                    "email": "fabien@symfony.com"
                }
            ],
            "description": "A tool to automatically fix PHP code style",
            "time": "2015-07-27 20:56:10"
        },
        {
            "name": "sebastian/diff",
            "version": "1.3.0",
            "source": {
                "type": "git",
                "url": "https://github.com/sebastianbergmann/diff.git",
                "reference": "863df9687835c62aa423a22412d26fa2ebde3fd3"
            },
            "dist": {
                "type": "zip",
                "url": "https://api.github.com/repos/sebastianbergmann/diff/zipball/863df9687835c62aa423a22412d26fa2ebde3fd3",
                "reference": "863df9687835c62aa423a22412d26fa2ebde3fd3",
                "shasum": ""
            },
            "require": {
                "php": ">=5.3.3"
            },
            "require-dev": {
                "phpunit/phpunit": "~4.2"
            },
            "type": "library",
            "extra": {
                "branch-alias": {
                    "dev-master": "1.3-dev"
                }
            },
            "autoload": {
                "classmap": [
                    "src/"
                ]
            },
            "notification-url": "https://packagist.org/downloads/",
            "license": [
                "BSD-3-Clause"
            ],
            "authors": [
                {
                    "name": "Kore Nordmann",
                    "email": "mail@kore-nordmann.de"
                },
                {
                    "name": "Sebastian Bergmann",
                    "email": "sebastian@phpunit.de"
                }
            ],
            "description": "Diff implementation",
            "homepage": "http://www.github.com/sebastianbergmann/diff",
            "keywords": [
                "diff"
            ],
            "time": "2015-02-22 15:13:53"
        },
        {
            "name": "symfony/console",
            "version": "v2.7.2",
            "source": {
                "type": "git",
                "url": "https://github.com/symfony/Console.git",
                "reference": "8cf484449130cabfd98dcb4694ca9945802a21ed"
            },
            "dist": {
                "type": "zip",
                "url": "https://api.github.com/repos/symfony/Console/zipball/8cf484449130cabfd98dcb4694ca9945802a21ed",
                "reference": "8cf484449130cabfd98dcb4694ca9945802a21ed",
                "shasum": ""
            },
            "require": {
                "php": ">=5.3.9"
            },
            "require-dev": {
                "psr/log": "~1.0",
                "symfony/event-dispatcher": "~2.1",
                "symfony/phpunit-bridge": "~2.7",
                "symfony/process": "~2.1"
            },
            "suggest": {
                "psr/log": "For using the console logger",
                "symfony/event-dispatcher": "",
                "symfony/process": ""
            },
            "type": "library",
            "extra": {
                "branch-alias": {
                    "dev-master": "2.7-dev"
                }
            },
            "autoload": {
                "psr-4": {
                    "Symfony\\Component\\Console\\": ""
                }
            },
            "notification-url": "https://packagist.org/downloads/",
            "license": [
                "MIT"
            ],
            "authors": [
                {
                    "name": "Fabien Potencier",
                    "email": "fabien@symfony.com"
                },
                {
                    "name": "Symfony Community",
                    "homepage": "https://symfony.com/contributors"
                }
            ],
            "description": "Symfony Console Component",
            "homepage": "https://symfony.com",
            "time": "2015-07-09 16:07:40"
        },
        {
            "name": "symfony/event-dispatcher",
            "version": "v2.7.2",
            "source": {
                "type": "git",
                "url": "https://github.com/symfony/EventDispatcher.git",
                "reference": "9310b5f9a87ec2ea75d20fec0b0017c77c66dac3"
            },
            "dist": {
                "type": "zip",
                "url": "https://api.github.com/repos/symfony/EventDispatcher/zipball/9310b5f9a87ec2ea75d20fec0b0017c77c66dac3",
                "reference": "9310b5f9a87ec2ea75d20fec0b0017c77c66dac3",
                "shasum": ""
            },
            "require": {
                "php": ">=5.3.9"
            },
            "require-dev": {
                "psr/log": "~1.0",
                "symfony/config": "~2.0,>=2.0.5",
                "symfony/dependency-injection": "~2.6",
                "symfony/expression-language": "~2.6",
                "symfony/phpunit-bridge": "~2.7",
                "symfony/stopwatch": "~2.3"
            },
            "suggest": {
                "symfony/dependency-injection": "",
                "symfony/http-kernel": ""
            },
            "type": "library",
            "extra": {
                "branch-alias": {
                    "dev-master": "2.7-dev"
                }
            },
            "autoload": {
                "psr-4": {
                    "Symfony\\Component\\EventDispatcher\\": ""
                }
            },
            "notification-url": "https://packagist.org/downloads/",
            "license": [
                "MIT"
            ],
            "authors": [
                {
                    "name": "Fabien Potencier",
                    "email": "fabien@symfony.com"
                },
                {
                    "name": "Symfony Community",
                    "homepage": "https://symfony.com/contributors"
                }
            ],
            "description": "Symfony EventDispatcher Component",
            "homepage": "https://symfony.com",
            "time": "2015-06-18 19:21:56"
        },
        {
            "name": "symfony/filesystem",
            "version": "v2.7.2",
            "source": {
                "type": "git",
                "url": "https://github.com/symfony/Filesystem.git",
                "reference": "2d7b2ddaf3f548f4292df49a99d19c853d43f0b8"
            },
            "dist": {
                "type": "zip",
                "url": "https://api.github.com/repos/symfony/Filesystem/zipball/2d7b2ddaf3f548f4292df49a99d19c853d43f0b8",
                "reference": "2d7b2ddaf3f548f4292df49a99d19c853d43f0b8",
                "shasum": ""
            },
            "require": {
                "php": ">=5.3.9"
            },
            "require-dev": {
                "symfony/phpunit-bridge": "~2.7"
            },
            "type": "library",
            "extra": {
                "branch-alias": {
                    "dev-master": "2.7-dev"
                }
            },
            "autoload": {
                "psr-4": {
                    "Symfony\\Component\\Filesystem\\": ""
                }
            },
            "notification-url": "https://packagist.org/downloads/",
            "license": [
                "MIT"
            ],
            "authors": [
                {
                    "name": "Fabien Potencier",
                    "email": "fabien@symfony.com"
                },
                {
                    "name": "Symfony Community",
                    "homepage": "https://symfony.com/contributors"
                }
            ],
            "description": "Symfony Filesystem Component",
            "homepage": "https://symfony.com",
            "time": "2015-07-09 16:07:40"
        },
        {
            "name": "symfony/finder",
            "version": "v2.7.2",
            "source": {
                "type": "git",
                "url": "https://github.com/symfony/Finder.git",
                "reference": "ae0f363277485094edc04c9f3cbe595b183b78e4"
            },
            "dist": {
                "type": "zip",
                "url": "https://api.github.com/repos/symfony/Finder/zipball/ae0f363277485094edc04c9f3cbe595b183b78e4",
                "reference": "ae0f363277485094edc04c9f3cbe595b183b78e4",
                "shasum": ""
            },
            "require": {
                "php": ">=5.3.9"
            },
            "require-dev": {
                "symfony/phpunit-bridge": "~2.7"
            },
            "type": "library",
            "extra": {
                "branch-alias": {
                    "dev-master": "2.7-dev"
                }
            },
            "autoload": {
                "psr-4": {
                    "Symfony\\Component\\Finder\\": ""
                }
            },
            "notification-url": "https://packagist.org/downloads/",
            "license": [
                "MIT"
            ],
            "authors": [
                {
                    "name": "Fabien Potencier",
                    "email": "fabien@symfony.com"
                },
                {
                    "name": "Symfony Community",
                    "homepage": "https://symfony.com/contributors"
                }
            ],
            "description": "Symfony Finder Component",
            "homepage": "https://symfony.com",
            "time": "2015-07-09 16:07:40"
        },
        {
            "name": "symfony/process",
            "version": "v2.7.2",
            "source": {
                "type": "git",
                "url": "https://github.com/symfony/Process.git",
                "reference": "48aeb0e48600321c272955132d7606ab0a49adb3"
            },
            "dist": {
                "type": "zip",
                "url": "https://api.github.com/repos/symfony/Process/zipball/48aeb0e48600321c272955132d7606ab0a49adb3",
                "reference": "48aeb0e48600321c272955132d7606ab0a49adb3",
                "shasum": ""
            },
            "require": {
                "php": ">=5.3.9"
            },
            "require-dev": {
                "symfony/phpunit-bridge": "~2.7"
            },
            "type": "library",
            "extra": {
                "branch-alias": {
                    "dev-master": "2.7-dev"
                }
            },
            "autoload": {
                "psr-4": {
                    "Symfony\\Component\\Process\\": ""
                }
            },
            "notification-url": "https://packagist.org/downloads/",
            "license": [
                "MIT"
            ],
            "authors": [
                {
                    "name": "Fabien Potencier",
                    "email": "fabien@symfony.com"
                },
                {
                    "name": "Symfony Community",
                    "homepage": "https://symfony.com/contributors"
                }
            ],
            "description": "Symfony Process Component",
            "homepage": "https://symfony.com",
            "time": "2015-07-01 11:25:50"
        },
        {
            "name": "symfony/stopwatch",
            "version": "v2.7.2",
            "source": {
                "type": "git",
                "url": "https://github.com/symfony/Stopwatch.git",
                "reference": "b07a866719bbac5294c67773340f97b871733310"
            },
            "dist": {
                "type": "zip",
                "url": "https://api.github.com/repos/symfony/Stopwatch/zipball/b07a866719bbac5294c67773340f97b871733310",
                "reference": "b07a866719bbac5294c67773340f97b871733310",
                "shasum": ""
            },
            "require": {
                "php": ">=5.3.9"
            },
            "require-dev": {
                "symfony/phpunit-bridge": "~2.7"
            },
            "type": "library",
            "extra": {
                "branch-alias": {
                    "dev-master": "2.7-dev"
                }
            },
            "autoload": {
                "psr-4": {
                    "Symfony\\Component\\Stopwatch\\": ""
                }
            },
            "notification-url": "https://packagist.org/downloads/",
            "license": [
                "MIT"
            ],
            "authors": [
                {
                    "name": "Fabien Potencier",
                    "email": "fabien@symfony.com"
                },
                {
                    "name": "Symfony Community",
                    "homepage": "https://symfony.com/contributors"
                }
            ],
            "description": "Symfony Stopwatch Component",
            "homepage": "https://symfony.com",
            "time": "2015-07-01 18:23:16"
        },
        {
            "name": "vlucas/phpdotenv",
            "version": "v1.1.1",
            "source": {
                "type": "git",
                "url": "https://github.com/vlucas/phpdotenv.git",
                "reference": "0cac554ce06277e33ddf9f0b7ade4b8bbf2af3fa"
            },
            "dist": {
                "type": "zip",
                "url": "https://api.github.com/repos/vlucas/phpdotenv/zipball/0cac554ce06277e33ddf9f0b7ade4b8bbf2af3fa",
                "reference": "0cac554ce06277e33ddf9f0b7ade4b8bbf2af3fa",
                "shasum": ""
            },
            "require": {
                "php": ">=5.3.2"
            },
            "require-dev": {
                "phpunit/phpunit": "~4.0"
            },
            "type": "library",
            "autoload": {
                "psr-0": {
                    "Dotenv": "src/"
                }
            },
            "notification-url": "https://packagist.org/downloads/",
            "license": [
                "BSD"
            ],
            "authors": [
                {
                    "name": "Vance Lucas",
                    "email": "vance@vancelucas.com",
                    "homepage": "http://www.vancelucas.com"
                }
            ],
            "description": "Loads environment variables from `.env` to `getenv()`, `$_ENV` and `$_SERVER` automagically.",
            "homepage": "http://github.com/vlucas/phpdotenv",
            "keywords": [
                "dotenv",
                "env",
                "environment"
            ],
            "time": "2015-05-30 15:59:26"
        },
        {
            "name": "wpackagist-plugin/debug-bar",
            "version": "0.8.2",
            "source": {
                "type": "svn",
                "url": "http://plugins.svn.wordpress.org/debug-bar/",
                "reference": "tags/0.8.2"
            },
            "dist": {
                "type": "zip",
                "url": "https://downloads.wordpress.org/plugin/debug-bar.0.8.2.zip",
                "reference": null,
                "shasum": null
            },
            "require": {
                "composer/installers": "~1.0"
            },
            "type": "wordpress-plugin",
            "homepage": "https://wordpress.org/plugins/debug-bar/"
        },
        {
            "name": "wpackagist-plugin/debug-bar-post-types",
            "version": "1.2",
            "source": {
                "type": "svn",
                "url": "http://plugins.svn.wordpress.org/debug-bar-post-types/",
                "reference": "tags/1.2"
            },
            "dist": {
                "type": "zip",
                "url": "https://downloads.wordpress.org/plugin/debug-bar-post-types.1.2.zip",
                "reference": null,
                "shasum": null
            },
            "require": {
                "composer/installers": "~1.0"
            },
            "type": "wordpress-plugin",
            "homepage": "https://wordpress.org/plugins/debug-bar-post-types/"
        },
        {
            "name": "wpackagist-plugin/log-deprecated-notices",
            "version": "0.3",
            "source": {
                "type": "svn",
                "url": "http://plugins.svn.wordpress.org/log-deprecated-notices/",
                "reference": "tags/0.3"
            },
            "dist": {
                "type": "zip",
                "url": "https://downloads.wordpress.org/plugin/log-deprecated-notices.0.3.zip",
                "reference": null,
                "shasum": null
            },
            "require": {
                "composer/installers": "~1.0"
            },
            "type": "wordpress-plugin",
            "homepage": "https://wordpress.org/plugins/log-deprecated-notices/"
        }
    ],
    "aliases": [],
    "minimum-stability": "dev",
    "stability-flags": [],
    "prefer-stable": true,
    "prefer-lowest": false,
    "platform": {
        "php": ">=5.4"
    },
    "platform-dev": []
}
